
Microsoft Visual Studio Solution File, Format Version 12.00
# Visual Studio Version 16
VisualStudioVersion = 16.0.29613.14
MinimumVisualStudioVersion = 10.0.40219.1
Project("{9A19103F-16F7-4668-BE54-9A1E7A4F7556}") = "NumbersExtension", "NumbersExtension\NumbersExtension.csproj", "{2A470A1A-E2C7-4377-B3C8-5CC4F276E343}"
EndProject
Project("{9A19103F-16F7-4668-BE54-9A1E7A4F7556}") = "NumbersExtension.Tests", "NumbersExtension.Tests\NumbersExtension.Tests.csproj", "{5C8A5843-2958-44B2-A1C5-630C73A6E931}"
EndProject
Project("{FAE04EC0-301F-11D3-BF4B-00C04F79EFBC}") = "NumbersExtension.MSTests", "NumbersExtension.MSTests\NumbersExtension.MSTests.csproj", "{27FD0DCB-3707-498D-8788-99A756E7BC13}"
EndProject
Global
	GlobalSection(SolutionConfigurationPlatforms) = preSolution
		Debug|Any CPU = Debug|Any CPU
		Release|Any CPU = Release|Any CPU
	EndGlobalSection
	GlobalSection(ProjectConfigurationPlatforms) = postSolution
		{2A470A1A-E2C7-4377-B3C8-5CC4F276E343}.Debug|Any CPU.ActiveCfg = Debug|Any CPU
		{2A470A1A-E2C7-4377-B3C8-5CC4F276E343}.Debug|Any CPU.Build.0 = Debug|Any CPU
		{2A470A1A-E2C7-4377-B3C8-5CC4F276E343}.Release|Any CPU.ActiveCfg = Release|Any CPU
		{2A470A1A-E2C7-4377-B3C8-5CC4F276E343}.Release|Any CPU.Build.0 = Release|Any CPU
		{5C8A5843-2958-44B2-A1C5-630C73A6E931}.Debug|Any CPU.ActiveCfg = Debug|Any CPU
		{5C8A5843-2958-44B2-A1C5-630C73A6E931}.Debug|Any CPU.Build.0 = Debug|Any CPU
		{5C8A5843-2958-44B2-A1C5-630C73A6E931}.Release|Any CPU.ActiveCfg = Release|Any CPU
		{5C8A5843-2958-44B2-A1C5-630C73A6E931}.Release|Any CPU.Build.0 = Release|Any CPU
		{27FD0DCB-3707-498D-8788-99A756E7BC13}.Debug|Any CPU.ActiveCfg = Debug|Any CPU
		{27FD0DCB-3707-498D-8788-99A756E7BC13}.Debug|Any CPU.Build.0 = Debug|Any CPU
		{27FD0DCB-3707-498D-8788-99A756E7BC13}.Release|Any CPU.ActiveCfg = Release|Any CPU
		{27FD0DCB-3707-498D-8788-99A756E7BC13}.Release|Any CPU.Build.0 = Release|Any CPU
	EndGlobalSection
	GlobalSection(SolutionProperties) = preSolution
		HideSolutionNode = FALSE
	EndGlobalSection
	GlobalSection(ExtensibilityGlobals) = postSolution
		SolutionGuid = {F5BE0377-9A53-45CF-8981-EADB71495E8A}
	EndGlobalSection
EndGlobal
